
Microsoft Visual Studio Solution File, Format Version 12.00
# Visual Studio 15
VisualStudioVersion = 15.0.27703.2047
MinimumVisualStudioVersion = 10.0.40219.1
Project("{FAE04EC0-301F-11D3-BF4B-00C04F79EFBC}") = "MovilFinalCrea.Android", "MovilFinalCrea\MovilFinalCrea.Android\MovilFinalCrea.Android.csproj", "{B62F0CB9-C8D6-4C7E-B2B3-AAF294408921}"
EndProject
Project("{FAE04EC0-301F-11D3-BF4B-00C04F79EFBC}") = "MovilFinalCrea.iOS", "MovilFinalCrea\MovilFinalCrea.iOS\MovilFinalCrea.iOS.csproj", "{53CFC7C0-3A86-4C6C-A96F-C8D94978D41D}"
EndProject
Project("{FAE04EC0-301F-11D3-BF4B-00C04F79EFBC}") = "MovilFinalCrea.UWP", "MovilFinalCrea\MovilFinalCrea.UWP\MovilFinalCrea.UWP.csproj", "{F7F867D0-B88A-4C08-95E9-F18B55743F2D}"
EndProject
Project("{FAE04EC0-301F-11D3-BF4B-00C04F79EFBC}") = "MovilFinalCrea", "MovilFinalCrea\MovilFinalCrea\MovilFinalCrea.csproj", "{9230D61B-F63F-4CBD-A8F2-66366B44EB7D}"
EndProject
Global
	GlobalSection(SolutionConfigurationPlatforms) = preSolution
		Ad-Hoc|Any CPU = Ad-Hoc|Any CPU
		Ad-Hoc|ARM = Ad-Hoc|ARM
		Ad-Hoc|iPhone = Ad-Hoc|iPhone
		Ad-Hoc|iPhoneSimulator = Ad-Hoc|iPhoneSimulator
		Ad-Hoc|x64 = Ad-Hoc|x64
		Ad-Hoc|x86 = Ad-Hoc|x86
		AppStore|Any CPU = AppStore|Any CPU
		AppStore|ARM = AppStore|ARM
		AppStore|iPhone = AppStore|iPhone
		AppStore|iPhoneSimulator = AppStore|iPhoneSimulator
		AppStore|x64 = AppStore|x64
		AppStore|x86 = AppStore|x86
		Debug|Any CPU = Debug|Any CPU
		Debug|ARM = Debug|ARM
		Debug|iPhone = Debug|iPhone
		Debug|iPhoneSimulator = Debug|iPhoneSimulator
		Debug|x64 = Debug|x64
		Debug|x86 = Debug|x86
		Release|Any CPU = Release|Any CPU
		Release|ARM = Release|ARM
		Release|iPhone = Release|iPhone
		Release|iPhoneSimulator = Release|iPhoneSimulator
		Release|x64 = Release|x64
		Release|x86 = Release|x86
	EndGlobalSection
	GlobalSection(ProjectConfigurationPlatforms) = postSolution
		{B62F0CB9-C8D6-4C7E-B2B3-AAF294408921}.Ad-Hoc|Any CPU.ActiveCfg = Release|Any CPU
		{B62F0CB9-C8D6-4C7E-B2B3-AAF294408921}.Ad-Hoc|Any CPU.Build.0 = Release|Any CPU
		{B62F0CB9-C8D6-4C7E-B2B3-AAF294408921}.Ad-Hoc|Any CPU.Deploy.0 = Release|Any CPU
		{B62F0CB9-C8D6-4C7E-B2B3-AAF294408921}.Ad-Hoc|ARM.ActiveCfg = Release|Any CPU
		{B62F0CB9-C8D6-4C7E-B2B3-AAF294408921}.Ad-Hoc|ARM.Build.0 = Release|Any CPU
		{B62F0CB9-C8D6-4C7E-B2B3-AAF294408921}.Ad-Hoc|ARM.Deploy.0 = Release|Any CPU
		{B62F0CB9-C8D6-4C7E-B2B3-AAF294408921}.Ad-Hoc|iPhone.ActiveCfg = Release|Any CPU
		{B62F0CB9-C8D6-4C7E-B2B3-AAF294408921}.Ad-Hoc|iPhone.Build.0 = Release|Any CPU
		{B62F0CB9-C8D6-4C7E-B2B3-AAF294408921}.Ad-Hoc|iPhone.Deploy.0 = Release|Any CPU
		{B62F0CB9-C8D6-4C7E-B2B3-AAF294408921}.Ad-Hoc|iPhoneSimulator.ActiveCfg = Release|Any CPU
		{B62F0CB9-C8D6-4C7E-B2B3-AAF294408921}.Ad-Hoc|iPhoneSimulator.Build.0 = Release|Any CPU
		{B62F0CB9-C8D6-4C7E-B2B3-AAF294408921}.Ad-Hoc|iPhoneSimulator.Deploy.0 = Release|Any CPU
		{B62F0CB9-C8D6-4C7E-B2B3-AAF294408921}.Ad-Hoc|x64.ActiveCfg = Release|Any CPU
		{B62F0CB9-C8D6-4C7E-B2B3-AAF294408921}.Ad-Hoc|x64.Build.0 = Release|Any CPU
		{B62F0CB9-C8D6-4C7E-B2B3-AAF294408921}.Ad-Hoc|x64.Deploy.0 = Release|Any CPU
		{B62F0CB9-C8D6-4C7E-B2B3-AAF294408921}.Ad-Hoc|x86.ActiveCfg = Release|Any CPU
		{B62F0CB9-C8D6-4C7E-B2B3-AAF294408921}.Ad-Hoc|x86.Build.0 = Release|Any CPU
		{B62F0CB9-C8D6-4C7E-B2B3-AAF294408921}.Ad-Hoc|x86.Deploy.0 = Release|Any CPU
		{B62F0CB9-C8D6-4C7E-B2B3-AAF294408921}.AppStore|Any CPU.ActiveCfg = Release|Any CPU
		{B62F0CB9-C8D6-4C7E-B2B3-AAF294408921}.AppStore|Any CPU.Build.0 = Release|Any CPU
		{B62F0CB9-C8D6-4C7E-B2B3-AAF294408921}.AppStore|Any CPU.Deploy.0 = Release|Any CPU
		{B62F0CB9-C8D6-4C7E-B2B3-AAF294408921}.AppStore|ARM.ActiveCfg = Release|Any CPU
		{B62F0CB9-C8D6-4C7E-B2B3-AAF294408921}.AppStore|ARM.Build.0 = Release|Any CPU
		{B62F0CB9-C8D6-4C7E-B2B3-AAF294408921}.AppStore|ARM.Deploy.0 = Release|Any CPU
		{B62F0CB9-C8D6-4C7E-B2B3-AAF294408921}.AppStore|iPhone.ActiveCfg = Release|Any CPU
		{B62F0CB9-C8D6-4C7E-B2B3-AAF294408921}.AppStore|iPhone.Build.0 = Release|Any CPU
		{B62F0CB9-C8D6-4C7E-B2B3-AAF294408921}.AppStore|iPhone.Deploy.0 = Release|Any CPU
		{B62F0CB9-C8D6-4C7E-B2B3-AAF294408921}.AppStore|iPhoneSimulator.ActiveCfg = Release|Any CPU
		{B62F0CB9-C8D6-4C7E-B2B3-AAF294408921}.AppStore|iPhoneSimulator.Build.0 = Release|Any CPU
		{B62F0CB9-C8D6-4C7E-B2B3-AAF294408921}.AppStore|iPhoneSimulator.Deploy.0 = Release|Any CPU
		{B62F0CB9-C8D6-4C7E-B2B3-AAF294408921}.AppStore|x64.ActiveCfg = Release|Any CPU
		{B62F0CB9-C8D6-4C7E-B2B3-AAF294408921}.AppStore|x64.Build.0 = Release|Any CPU
		{B62F0CB9-C8D6-4C7E-B2B3-AAF294408921}.AppStore|x64.Deploy.0 = Release|Any CPU
		{B62F0CB9-C8D6-4C7E-B2B3-AAF294408921}.AppStore|x86.ActiveCfg = Release|Any CPU
		{B62F0CB9-C8D6-4C7E-B2B3-AAF294408921}.AppStore|x86.Build.0 = Release|Any CPU
		{B62F0CB9-C8D6-4C7E-B2B3-AAF294408921}.AppStore|x86.Deploy.0 = Release|Any CPU
		{B62F0CB9-C8D6-4C7E-B2B3-AAF294408921}.Debug|Any CPU.ActiveCfg = Debug|Any CPU
		{B62F0CB9-C8D6-4C7E-B2B3-AAF294408921}.Debug|Any CPU.Build.0 = Debug|Any CPU
		{B62F0CB9-C8D6-4C7E-B2B3-AAF294408921}.Debug|Any CPU.Deploy.0 = Debug|Any CPU
		{B62F0CB9-C8D6-4C7E-B2B3-AAF294408921}.Debug|ARM.ActiveCfg = Debug|Any CPU
		{B62F0CB9-C8D6-4C7E-B2B3-AAF294408921}.Debug|ARM.Build.0 = Debug|Any CPU
		{B62F0CB9-C8D6-4C7E-B2B3-AAF294408921}.Debug|ARM.Deploy.0 = Debug|Any CPU
		{B62F0CB9-C8D6-4C7E-B2B3-AAF294408921}.Debug|iPhone.ActiveCfg = Debug|Any CPU
		{B62F0CB9-C8D6-4C7E-B2B3-AAF294408921}.Debug|iPhone.Build.0 = Debug|Any CPU
		{B62F0CB9-C8D6-4C7E-B2B3-AAF294408921}.Debug|iPhone.Deploy.0 = Debug|Any CPU
		{B62F0CB9-C8D6-4C7E-B2B3-AAF294408921}.Debug|iPhoneSimulator.ActiveCfg = Debug|Any CPU
		{B62F0CB9-C8D6-4C7E-B2B3-AAF294408921}.Debug|iPhoneSimulator.Build.0 = Debug|Any CPU
		{B62F0CB9-C8D6-4C7E-B2B3-AAF294408921}.Debug|iPhoneSimulator.Deploy.0 = Debug|Any CPU
		{B62F0CB9-C8D6-4C7E-B2B3-AAF294408921}.Debug|x64.ActiveCfg = Debug|Any CPU
		{B62F0CB9-C8D6-4C7E-B2B3-AAF294408921}.Debug|x64.Build.0 = Debug|Any CPU
		{B62F0CB9-C8D6-4C7E-B2B3-AAF294408921}.Debug|x64.Deploy.0 = Debug|Any CPU
		{B62F0CB9-C8D6-4C7E-B2B3-AAF294408921}.Debug|x86.ActiveCfg = Debug|Any CPU
		{B62F0CB9-C8D6-4C7E-B2B3-AAF294408921}.Debug|x86.Build.0 = Debug|Any CPU
		{B62F0CB9-C8D6-4C7E-B2B3-AAF294408921}.Debug|x86.Deploy.0 = Debug|Any CPU
		{B62F0CB9-C8D6-4C7E-B2B3-AAF294408921}.Release|Any CPU.ActiveCfg = Release|Any CPU
		{B62F0CB9-C8D6-4C7E-B2B3-AAF294408921}.Release|Any CPU.Build.0 = Release|Any CPU
		{B62F0CB9-C8D6-4C7E-B2B3-AAF294408921}.Release|Any CPU.Deploy.0 = Release|Any CPU
		{B62F0CB9-C8D6-4C7E-B2B3-AAF294408921}.Release|ARM.ActiveCfg = Release|Any CPU
		{B62F0CB9-C8D6-4C7E-B2B3-AAF294408921}.Release|ARM.Build.0 = Release|Any CPU
		{B62F0CB9-C8D6-4C7E-B2B3-AAF294408921}.Release|ARM.Deploy.0 = Release|Any CPU
		{B62F0CB9-C8D6-4C7E-B2B3-AAF294408921}.Release|iPhone.ActiveCfg = Release|Any CPU
		{B62F0CB9-C8D6-4C7E-B2B3-AAF294408921}.Release|iPhone.Build.0 = Release|Any CPU
		{B62F0CB9-C8D6-4C7E-B2B3-AAF294408921}.Release|iPhone.Deploy.0 = Release|Any CPU
		{B62F0CB9-C8D6-4C7E-B2B3-AAF294408921}.Release|iPhoneSimulator.ActiveCfg = Release|Any CPU
		{B62F0CB9-C8D6-4C7E-B2B3-AAF294408921}.Release|iPhoneSimulator.Build.0 = Release|Any CPU
		{B62F0CB9-C8D6-4C7E-B2B3-AAF294408921}.Release|iPhoneSimulator.Deploy.0 = Release|Any CPU
		{B62F0CB9-C8D6-4C7E-B2B3-AAF294408921}.Release|x64.ActiveCfg = Release|Any CPU
		{B62F0CB9-C8D6-4C7E-B2B3-AAF294408921}.Release|x64.Build.0 = Release|Any CPU
		{B62F0CB9-C8D6-4C7E-B2B3-AAF294408921}.Release|x64.Deploy.0 = Release|Any CPU
		{B62F0CB9-C8D6-4C7E-B2B3-AAF294408921}.Release|x86.ActiveCfg = Release|Any CPU
		{B62F0CB9-C8D6-4C7E-B2B3-AAF294408921}.Release|x86.Build.0 = Release|Any CPU
		{B62F0CB9-C8D6-4C7E-B2B3-AAF294408921}.Release|x86.Deploy.0 = Release|Any CPU
		{53CFC7C0-3A86-4C6C-A96F-C8D94978D41D}.Ad-Hoc|Any CPU.ActiveCfg = Ad-Hoc|iPhone
		{53CFC7C0-3A86-4C6C-A96F-C8D94978D41D}.Ad-Hoc|Any CPU.Build.0 = Ad-Hoc|iPhone
		{53CFC7C0-3A86-4C6C-A96F-C8D94978D41D}.Ad-Hoc|Any CPU.Deploy.0 = Ad-Hoc|iPhone
		{53CFC7C0-3A86-4C6C-A96F-C8D94978D41D}.Ad-Hoc|ARM.ActiveCfg = Ad-Hoc|iPhone
		{53CFC7C0-3A86-4C6C-A96F-C8D94978D41D}.Ad-Hoc|ARM.Build.0 = Ad-Hoc|iPhone
		{53CFC7C0-3A86-4C6C-A96F-C8D94978D41D}.Ad-Hoc|ARM.Deploy.0 = Ad-Hoc|iPhone
		{53CFC7C0-3A86-4C6C-A96F-C8D94978D41D}.Ad-Hoc|iPhone.ActiveCfg = Ad-Hoc|iPhone
		{53CFC7C0-3A86-4C6C-A96F-C8D94978D41D}.Ad-Hoc|iPhone.Build.0 = Ad-Hoc|iPhone
		{53CFC7C0-3A86-4C6C-A96F-C8D94978D41D}.Ad-Hoc|iPhone.Deploy.0 = Ad-Hoc|iPhone
		{53CFC7C0-3A86-4C6C-A96F-C8D94978D41D}.Ad-Hoc|iPhoneSimulator.ActiveCfg = Ad-Hoc|iPhoneSimulator
		{53CFC7C0-3A86-4C6C-A96F-C8D94978D41D}.Ad-Hoc|iPhoneSimulator.Build.0 = Ad-Hoc|iPhoneSimulator
		{53CFC7C0-3A86-4C6C-A96F-C8D94978D41D}.Ad-Hoc|iPhoneSimulator.Deploy.0 = Ad-Hoc|iPhoneSimulator
		{53CFC7C0-3A86-4C6C-A96F-C8D94978D41D}.Ad-Hoc|x64.ActiveCfg = Ad-Hoc|iPhone
		{53CFC7C0-3A86-4C6C-A96F-C8D94978D41D}.Ad-Hoc|x64.Build.0 = Ad-Hoc|iPhone
		{53CFC7C0-3A86-4C6C-A96F-C8D94978D41D}.Ad-Hoc|x64.Deploy.0 = Ad-Hoc|iPhone
		{53CFC7C0-3A86-4C6C-A96F-C8D94978D41D}.Ad-Hoc|x86.ActiveCfg = Ad-Hoc|iPhone
		{53CFC7C0-3A86-4C6C-A96F-C8D94978D41D}.Ad-Hoc|x86.Build.0 = Ad-Hoc|iPhone
		{53CFC7C0-3A86-4C6C-A96F-C8D94978D41D}.Ad-Hoc|x86.Deploy.0 = Ad-Hoc|iPhone
		{53CFC7C0-3A86-4C6C-A96F-C8D94978D41D}.AppStore|Any CPU.ActiveCfg = AppStore|iPhone
		{53CFC7C0-3A86-4C6C-A96F-C8D94978D41D}.AppStore|Any CPU.Build.0 = AppStore|iPhone
		{53CFC7C0-3A86-4C6C-A96F-C8D94978D41D}.AppStore|Any CPU.Deploy.0 = AppStore|iPhone
		{53CFC7C0-3A86-4C6C-A96F-C8D94978D41D}.AppStore|ARM.ActiveCfg = AppStore|iPhone
		{53CFC7C0-3A86-4C6C-A96F-C8D94978D41D}.AppStore|ARM.Build.0 = AppStore|iPhone
		{53CFC7C0-3A86-4C6C-A96F-C8D94978D41D}.AppStore|ARM.Deploy.0 = AppStore|iPhone
		{53CFC7C0-3A86-4C6C-A96F-C8D94978D41D}.AppStore|iPhone.ActiveCfg = AppStore|iPhone
		{53CFC7C0-3A86-4C6C-A96F-C8D94978D41D}.AppStore|iPhone.Build.0 = AppStore|iPhone
		{53CFC7C0-3A86-4C6C-A96F-C8D94978D41D}.AppStore|iPhone.Deploy.0 = AppStore|iPhone
		{53CFC7C0-3A86-4C6C-A96F-C8D94978D41D}.AppStore|iPhoneSimulator.ActiveCfg = AppStore|iPhoneSimulator
		{53CFC7C0-3A86-4C6C-A96F-C8D94978D41D}.AppStore|iPhoneSimulator.Build.0 = AppStore|iPhoneSimulator
		{53CFC7C0-3A86-4C6C-A96F-C8D94978D41D}.AppStore|iPhoneSimulator.Deploy.0 = AppStore|iPhoneSimulator
		{53CFC7C0-3A86-4C6C-A96F-C8D94978D41D}.AppStore|x64.ActiveCfg = AppStore|iPhone
		{53CFC7C0-3A86-4C6C-A96F-C8D94978D41D}.AppStore|x64.Build.0 = AppStore|iPhone
		{53CFC7C0-3A86-4C6C-A96F-C8D94978D41D}.AppStore|x64.Deploy.0 = AppStore|iPhone
		{53CFC7C0-3A86-4C6C-A96F-C8D94978D41D}.AppStore|x86.ActiveCfg = AppStore|iPhone
		{53CFC7C0-3A86-4C6C-A96F-C8D94978D41D}.AppStore|x86.Build.0 = AppStore|iPhone
		{53CFC7C0-3A86-4C6C-A96F-C8D94978D41D}.AppStore|x86.Deploy.0 = AppStore|iPhone
		{53CFC7C0-3A86-4C6C-A96F-C8D94978D41D}.Debug|Any CPU.ActiveCfg = Debug|iPhoneSimulator
		{53CFC7C0-3A86-4C6C-A96F-C8D94978D41D}.Debug|Any CPU.Build.0 = Debug|iPhoneSimulator
		{53CFC7C0-3A86-4C6C-A96F-C8D94978D41D}.Debug|Any CPU.Deploy.0 = Debug|iPhoneSimulator
		{53CFC7C0-3A86-4C6C-A96F-C8D94978D41D}.Debug|ARM.ActiveCfg = Debug|iPhone
		{53CFC7C0-3A86-4C6C-A96F-C8D94978D41D}.Debug|ARM.Build.0 = Debug|iPhone
		{53CFC7C0-3A86-4C6C-A96F-C8D94978D41D}.Debug|ARM.Deploy.0 = Debug|iPhone
		{53CFC7C0-3A86-4C6C-A96F-C8D94978D41D}.Debug|iPhone.ActiveCfg = Debug|iPhone
		{53CFC7C0-3A86-4C6C-A96F-C8D94978D41D}.Debug|iPhone.Build.0 = Debug|iPhone
		{53CFC7C0-3A86-4C6C-A96F-C8D94978D41D}.Debug|iPhone.Deploy.0 = Debug|iPhone
		{53CFC7C0-3A86-4C6C-A96F-C8D94978D41D}.Debug|iPhoneSimulator.ActiveCfg = Debug|iPhoneSimulator
		{53CFC7C0-3A86-4C6C-A96F-C8D94978D41D}.Debug|iPhoneSimulator.Build.0 = Debug|iPhoneSimulator
		{53CFC7C0-3A86-4C6C-A96F-C8D94978D41D}.Debug|iPhoneSimulator.Deploy.0 = Debug|iPhoneSimulator
		{53CFC7C0-3A86-4C6C-A96F-C8D94978D41D}.Debug|x64.ActiveCfg = Debug|iPhone
		{53CFC7C0-3A86-4C6C-A96F-C8D94978D41D}.Debug|x64.Build.0 = Debug|iPhone
		{53CFC7C0-3A86-4C6C-A96F-C8D94978D41D}.Debug|x64.Deploy.0 = Debug|iPhone
		{53CFC7C0-3A86-4C6C-A96F-C8D94978D41D}.Debug|x86.ActiveCfg = Debug|iPhone
		{53CFC7C0-3A86-4C6C-A96F-C8D94978D41D}.Debug|x86.Build.0 = Debug|iPhone
		{53CFC7C0-3A86-4C6C-A96F-C8D94978D41D}.Debug|x86.Deploy.0 = Debug|iPhone
		{53CFC7C0-3A86-4C6C-A96F-C8D94978D41D}.Release|Any CPU.ActiveCfg = Release|iPhone
		{53CFC7C0-3A86-4C6C-A96F-C8D94978D41D}.Release|Any CPU.Build.0 = Release|iPhone
		{53CFC7C0-3A86-4C6C-A96F-C8D94978D41D}.Release|Any CPU.Deploy.0 = Release|iPhone
		{53CFC7C0-3A86-4C6C-A96F-C8D94978D41D}.Release|ARM.ActiveCfg = Release|iPhone
		{53CFC7C0-3A86-4C6C-A96F-C8D94978D41D}.Release|ARM.Build.0 = Release|iPhone
		{53CFC7C0-3A86-4C6C-A96F-C8D94978D41D}.Release|ARM.Deploy.0 = Release|iPhone
		{53CFC7C0-3A86-4C6C-A96F-C8D94978D41D}.Release|iPhone.ActiveCfg = Release|iPhone
		{53CFC7C0-3A86-4C6C-A96F-C8D94978D41D}.Release|iPhone.Build.0 = Release|iPhone
		{53CFC7C0-3A86-4C6C-A96F-C8D94978D41D}.Release|iPhone.Deploy.0 = Release|iPhone
		{53CFC7C0-3A86-4C6C-A96F-C8D94978D41D}.Release|iPhoneSimulator.ActiveCfg = Release|iPhoneSimulator
		{53CFC7C0-3A86-4C6C-A96F-C8D94978D41D}.Release|iPhoneSimulator.Build.0 = Release|iPhoneSimulator
		{53CFC7C0-3A86-4C6C-A96F-C8D94978D41D}.Release|iPhoneSimulator.Deploy.0 = Release|iPhoneSimulator
		{53CFC7C0-3A86-4C6C-A96F-C8D94978D41D}.Release|x64.ActiveCfg = Release|iPhone
		{53CFC7C0-3A86-4C6C-A96F-C8D94978D41D}.Release|x64.Build.0 = Release|iPhone
		{53CFC7C0-3A86-4C6C-A96F-C8D94978D41D}.Release|x64.Deploy.0 = Release|iPhone
		{53CFC7C0-3A86-4C6C-A96F-C8D94978D41D}.Release|x86.ActiveCfg = Release|iPhone
		{53CFC7C0-3A86-4C6C-A96F-C8D94978D41D}.Release|x86.Build.0 = Release|iPhone
		{53CFC7C0-3A86-4C6C-A96F-C8D94978D41D}.Release|x86.Deploy.0 = Release|iPhone
		{F7F867D0-B88A-4C08-95E9-F18B55743F2D}.Ad-Hoc|Any CPU.ActiveCfg = Release|x86
		{F7F867D0-B88A-4C08-95E9-F18B55743F2D}.Ad-Hoc|Any CPU.Build.0 = Release|x86
		{F7F867D0-B88A-4C08-95E9-F18B55743F2D}.Ad-Hoc|Any CPU.Deploy.0 = Release|x86
		{F7F867D0-B88A-4C08-95E9-F18B55743F2D}.Ad-Hoc|ARM.ActiveCfg = Release|ARM
		{F7F867D0-B88A-4C08-95E9-F18B55743F2D}.Ad-Hoc|ARM.Build.0 = Release|ARM
		{F7F867D0-B88A-4C08-95E9-F18B55743F2D}.Ad-Hoc|ARM.Deploy.0 = Release|ARM
		{F7F867D0-B88A-4C08-95E9-F18B55743F2D}.Ad-Hoc|iPhone.ActiveCfg = Release|x86
		{F7F867D0-B88A-4C08-95E9-F18B55743F2D}.Ad-Hoc|iPhone.Build.0 = Release|x86
		{F7F867D0-B88A-4C08-95E9-F18B55743F2D}.Ad-Hoc|iPhone.Deploy.0 = Release|x86
		{F7F867D0-B88A-4C08-95E9-F18B55743F2D}.Ad-Hoc|iPhoneSimulator.ActiveCfg = Release|x86
		{F7F867D0-B88A-4C08-95E9-F18B55743F2D}.Ad-Hoc|iPhoneSimulator.Build.0 = Release|x86
		{F7F867D0-B88A-4C08-95E9-F18B55743F2D}.Ad-Hoc|iPhoneSimulator.Deploy.0 = Release|x86
		{F7F867D0-B88A-4C08-95E9-F18B55743F2D}.Ad-Hoc|x64.ActiveCfg = Release|x64
		{F7F867D0-B88A-4C08-95E9-F18B55743F2D}.Ad-Hoc|x64.Build.0 = Release|x64
		{F7F867D0-B88A-4C08-95E9-F18B55743F2D}.Ad-Hoc|x64.Deploy.0 = Release|x64
		{F7F867D0-B88A-4C08-95E9-F18B55743F2D}.Ad-Hoc|x86.ActiveCfg = Release|x86
		{F7F867D0-B88A-4C08-95E9-F18B55743F2D}.Ad-Hoc|x86.Build.0 = Release|x86
		{F7F867D0-B88A-4C08-95E9-F18B55743F2D}.Ad-Hoc|x86.Deploy.0 = Release|x86
		{F7F867D0-B88A-4C08-95E9-F18B55743F2D}.AppStore|Any CPU.ActiveCfg = Release|x86
		{F7F867D0-B88A-4C08-95E9-F18B55743F2D}.AppStore|Any CPU.Build.0 = Release|x86
		{F7F867D0-B88A-4C08-95E9-F18B55743F2D}.AppStore|Any CPU.Deploy.0 = Release|x86
		{F7F867D0-B88A-4C08-95E9-F18B55743F2D}.AppStore|ARM.ActiveCfg = Release|ARM
		{F7F867D0-B88A-4C08-95E9-F18B55743F2D}.AppStore|ARM.Build.0 = Release|ARM
		{F7F867D0-B88A-4C08-95E9-F18B55743F2D}.AppStore|ARM.Deploy.0 = Release|ARM
		{F7F867D0-B88A-4C08-95E9-F18B55743F2D}.AppStore|iPhone.ActiveCfg = Release|x86
		{F7F867D0-B88A-4C08-95E9-F18B55743F2D}.AppStore|iPhone.Build.0 = Release|x86
		{F7F867D0-B88A-4C08-95E9-F18B55743F2D}.AppStore|iPhone.Deploy.0 = Release|x86
		{F7F867D0-B88A-4C08-95E9-F18B55743F2D}.AppStore|iPhoneSimulator.ActiveCfg = Release|x86
		{F7F867D0-B88A-4C08-95E9-F18B55743F2D}.AppStore|iPhoneSimulator.Build.0 = Release|x86
		{F7F867D0-B88A-4C08-95E9-F18B55743F2D}.AppStore|iPhoneSimulator.Deploy.0 = Release|x86
		{F7F867D0-B88A-4C08-95E9-F18B55743F2D}.AppStore|x64.ActiveCfg = Release|x64
		{F7F867D0-B88A-4C08-95E9-F18B55743F2D}.AppStore|x64.Build.0 = Release|x64
		{F7F867D0-B88A-4C08-95E9-F18B55743F2D}.AppStore|x64.Deploy.0 = Release|x64
		{F7F867D0-B88A-4C08-95E9-F18B55743F2D}.AppStore|x86.ActiveCfg = Release|x86
		{F7F867D0-B88A-4C08-95E9-F18B55743F2D}.AppStore|x86.Build.0 = Release|x86
		{F7F867D0-B88A-4C08-95E9-F18B55743F2D}.AppStore|x86.Deploy.0 = Release|x86
		{F7F867D0-B88A-4C08-95E9-F18B55743F2D}.Debug|Any CPU.ActiveCfg = Debug|x86
		{F7F867D0-B88A-4C08-95E9-F18B55743F2D}.Debug|Any CPU.Build.0 = Debug|x86
		{F7F867D0-B88A-4C08-95E9-F18B55743F2D}.Debug|Any CPU.Deploy.0 = Debug|x86
		{F7F867D0-B88A-4C08-95E9-F18B55743F2D}.Debug|ARM.ActiveCfg = Debug|ARM
		{F7F867D0-B88A-4C08-95E9-F18B55743F2D}.Debug|ARM.Build.0 = Debug|ARM
		{F7F867D0-B88A-4C08-95E9-F18B55743F2D}.Debug|ARM.Deploy.0 = Debug|ARM
		{F7F867D0-B88A-4C08-95E9-F18B55743F2D}.Debug|iPhone.ActiveCfg = Debug|x86
		{F7F867D0-B88A-4C08-95E9-F18B55743F2D}.Debug|iPhone.Build.0 = Debug|x86
		{F7F867D0-B88A-4C08-95E9-F18B55743F2D}.Debug|iPhone.Deploy.0 = Debug|x86
		{F7F867D0-B88A-4C08-95E9-F18B55743F2D}.Debug|iPhoneSimulator.ActiveCfg = Debug|x86
		{F7F867D0-B88A-4C08-95E9-F18B55743F2D}.Debug|iPhoneSimulator.Build.0 = Debug|x86
		{F7F867D0-B88A-4C08-95E9-F18B55743F2D}.Debug|iPhoneSimulator.Deploy.0 = Debug|x86
		{F7F867D0-B88A-4C08-95E9-F18B55743F2D}.Debug|x64.ActiveCfg = Debug|x64
		{F7F867D0-B88A-4C08-95E9-F18B55743F2D}.Debug|x64.Build.0 = Debug|x64
		{F7F867D0-B88A-4C08-95E9-F18B55743F2D}.Debug|x64.Deploy.0 = Debug|x64
		{F7F867D0-B88A-4C08-95E9-F18B55743F2D}.Debug|x86.ActiveCfg = Debug|x86
		{F7F867D0-B88A-4C08-95E9-F18B55743F2D}.Debug|x86.Build.0 = Debug|x86
		{F7F867D0-B88A-4C08-95E9-F18B55743F2D}.Debug|x86.Deploy.0 = Debug|x86
		{F7F867D0-B88A-4C08-95E9-F18B55743F2D}.Release|Any CPU.ActiveCfg = Release|x86
		{F7F867D0-B88A-4C08-95E9-F18B55743F2D}.Release|Any CPU.Build.0 = Release|x86
		{F7F867D0-B88A-4C08-95E9-F18B55743F2D}.Release|Any CPU.Deploy.0 = Release|x86
		{F7F867D0-B88A-4C08-95E9-F18B55743F2D}.Release|ARM.ActiveCfg = Release|ARM
		{F7F867D0-B88A-4C08-95E9-F18B55743F2D}.Release|ARM.Build.0 = Release|ARM
		{F7F867D0-B88A-4C08-95E9-F18B55743F2D}.Release|ARM.Deploy.0 = Release|ARM
		{F7F867D0-B88A-4C08-95E9-F18B55743F2D}.Release|iPhone.ActiveCfg = Release|x86
		{F7F867D0-B88A-4C08-95E9-F18B55743F2D}.Release|iPhone.Build.0 = Release|x86
		{F7F867D0-B88A-4C08-95E9-F18B55743F2D}.Release|iPhone.Deploy.0 = Release|x86
		{F7F867D0-B88A-4C08-95E9-F18B55743F2D}.Release|iPhoneSimulator.ActiveCfg = Release|x86
		{F7F867D0-B88A-4C08-95E9-F18B55743F2D}.Release|iPhoneSimulator.Build.0 = Release|x86
		{F7F867D0-B88A-4C08-95E9-F18B55743F2D}.Release|iPhoneSimulator.Deploy.0 = Release|x86
		{F7F867D0-B88A-4C08-95E9-F18B55743F2D}.Release|x64.ActiveCfg = Release|x64
		{F7F867D0-B88A-4C08-95E9-F18B55743F2D}.Release|x64.Build.0 = Release|x64
		{F7F867D0-B88A-4C08-95E9-F18B55743F2D}.Release|x64.Deploy.0 = Release|x64
		{F7F867D0-B88A-4C08-95E9-F18B55743F2D}.Release|x86.ActiveCfg = Release|x86
		{F7F867D0-B88A-4C08-95E9-F18B55743F2D}.Release|x86.Build.0 = Release|x86
		{F7F867D0-B88A-4C08-95E9-F18B55743F2D}.Release|x86.Deploy.0 = Release|x86
		{9230D61B-F63F-4CBD-A8F2-66366B44EB7D}.Ad-Hoc|Any CPU.ActiveCfg = Debug|Any CPU
		{9230D61B-F63F-4CBD-A8F2-66366B44EB7D}.Ad-Hoc|Any CPU.Build.0 = Debug|Any CPU
		{9230D61B-F63F-4CBD-A8F2-66366B44EB7D}.Ad-Hoc|Any CPU.Deploy.0 = Debug|Any CPU
		{9230D61B-F63F-4CBD-A8F2-66366B44EB7D}.Ad-Hoc|ARM.ActiveCfg = Debug|Any CPU
		{9230D61B-F63F-4CBD-A8F2-66366B44EB7D}.Ad-Hoc|ARM.Build.0 = Debug|Any CPU
		{9230D61B-F63F-4CBD-A8F2-66366B44EB7D}.Ad-Hoc|ARM.Deploy.0 = Debug|Any CPU
		{9230D61B-F63F-4CBD-A8F2-66366B44EB7D}.Ad-Hoc|iPhone.ActiveCfg = Debug|Any CPU
		{9230D61B-F63F-4CBD-A8F2-66366B44EB7D}.Ad-Hoc|iPhone.Build.0 = Debug|Any CPU
		{9230D61B-F63F-4CBD-A8F2-66366B44EB7D}.Ad-Hoc|iPhone.Deploy.0 = Debug|Any CPU
		{9230D61B-F63F-4CBD-A8F2-66366B44EB7D}.Ad-Hoc|iPhoneSimulator.ActiveCfg = Debug|Any CPU
		{9230D61B-F63F-4CBD-A8F2-66366B44EB7D}.Ad-Hoc|iPhoneSimulator.Build.0 = Debug|Any CPU
		{9230D61B-F63F-4CBD-A8F2-66366B44EB7D}.Ad-Hoc|iPhoneSimulator.Deploy.0 = Debug|Any CPU
		{9230D61B-F63F-4CBD-A8F2-66366B44EB7D}.Ad-Hoc|x64.ActiveCfg = Debug|Any CPU
		{9230D61B-F63F-4CBD-A8F2-66366B44EB7D}.Ad-Hoc|x64.Build.0 = Debug|Any CPU
		{9230D61B-F63F-4CBD-A8F2-66366B44EB7D}.Ad-Hoc|x64.Deploy.0 = Debug|Any CPU
		{9230D61B-F63F-4CBD-A8F2-66366B44EB7D}.Ad-Hoc|x86.ActiveCfg = Debug|Any CPU
		{9230D61B-F63F-4CBD-A8F2-66366B44EB7D}.Ad-Hoc|x86.Build.0 = Debug|Any CPU
		{9230D61B-F63F-4CBD-A8F2-66366B44EB7D}.Ad-Hoc|x86.Deploy.0 = Debug|Any CPU
		{9230D61B-F63F-4CBD-A8F2-66366B44EB7D}.AppStore|Any CPU.ActiveCfg = Debug|Any CPU
		{9230D61B-F63F-4CBD-A8F2-66366B44EB7D}.AppStore|Any CPU.Build.0 = Debug|Any CPU
		{9230D61B-F63F-4CBD-A8F2-66366B44EB7D}.AppStore|Any CPU.Deploy.0 = Debug|Any CPU
		{9230D61B-F63F-4CBD-A8F2-66366B44EB7D}.AppStore|ARM.ActiveCfg = Debug|Any CPU
		{9230D61B-F63F-4CBD-A8F2-66366B44EB7D}.AppStore|ARM.Build.0 = Debug|Any CPU
		{9230D61B-F63F-4CBD-A8F2-66366B44EB7D}.AppStore|ARM.Deploy.0 = Debug|Any CPU
		{9230D61B-F63F-4CBD-A8F2-66366B44EB7D}.AppStore|iPhone.ActiveCfg = Debug|Any CPU
		{9230D61B-F63F-4CBD-A8F2-66366B44EB7D}.AppStore|iPhone.Build.0 = Debug|Any CPU
		{9230D61B-F63F-4CBD-A8F2-66366B44EB7D}.AppStore|iPhone.Deploy.0 = Debug|Any CPU
		{9230D61B-F63F-4CBD-A8F2-66366B44EB7D}.AppStore|iPhoneSimulator.ActiveCfg = Debug|Any CPU
		{9230D61B-F63F-4CBD-A8F2-66366B44EB7D}.AppStore|iPhoneSimulator.Build.0 = Debug|Any CPU
		{9230D61B-F63F-4CBD-A8F2-66366B44EB7D}.AppStore|iPhoneSimulator.Deploy.0 = Debug|Any CPU
		{9230D61B-F63F-4CBD-A8F2-66366B44EB7D}.AppStore|x64.ActiveCfg = Debug|Any CPU
		{9230D61B-F63F-4CBD-A8F2-66366B44EB7D}.AppStore|x64.Build.0 = Debug|Any CPU
		{9230D61B-F63F-4CBD-A8F2-66366B44EB7D}.AppStore|x64.Deploy.0 = Debug|Any CPU
		{9230D61B-F63F-4CBD-A8F2-66366B44EB7D}.AppStore|x86.ActiveCfg = Debug|Any CPU
		{9230D61B-F63F-4CBD-A8F2-66366B44EB7D}.AppStore|x86.Build.0 = Debug|Any CPU
		{9230D61B-F63F-4CBD-A8F2-66366B44EB7D}.AppStore|x86.Deploy.0 = Debug|Any CPU
		{9230D61B-F63F-4CBD-A8F2-66366B44EB7D}.Debug|Any CPU.ActiveCfg = Debug|Any CPU
		{9230D61B-F63F-4CBD-A8F2-66366B44EB7D}.Debug|Any CPU.Build.0 = Debug|Any CPU
		{9230D61B-F63F-4CBD-A8F2-66366B44EB7D}.Debug|Any CPU.Deploy.0 = Debug|Any CPU
		{9230D61B-F63F-4CBD-A8F2-66366B44EB7D}.Debug|ARM.ActiveCfg = Debug|Any CPU
		{9230D61B-F63F-4CBD-A8F2-66366B44EB7D}.Debug|ARM.Build.0 = Debug|Any CPU
		{9230D61B-F63F-4CBD-A8F2-66366B44EB7D}.Debug|ARM.Deploy.0 = Debug|Any CPU
		{9230D61B-F63F-4CBD-A8F2-66366B44EB7D}.Debug|iPhone.ActiveCfg = Debug|Any CPU
		{9230D61B-F63F-4CBD-A8F2-66366B44EB7D}.Debug|iPhone.Build.0 = Debug|Any CPU
		{9230D61B-F63F-4CBD-A8F2-66366B44EB7D}.Debug|iPhone.Deploy.0 = Debug|Any CPU
		{9230D61B-F63F-4CBD-A8F2-66366B44EB7D}.Debug|iPhoneSimulator.ActiveCfg = Debug|Any CPU
		{9230D61B-F63F-4CBD-A8F2-66366B44EB7D}.Debug|iPhoneSimulator.Build.0 = Debug|Any CPU
		{9230D61B-F63F-4CBD-A8F2-66366B44EB7D}.Debug|iPhoneSimulator.Deploy.0 = Debug|Any CPU
		{9230D61B-F63F-4CBD-A8F2-66366B44EB7D}.Debug|x64.ActiveCfg = Debug|Any CPU
		{9230D61B-F63F-4CBD-A8F2-66366B44EB7D}.Debug|x64.Build.0 = Debug|Any CPU
		{9230D61B-F63F-4CBD-A8F2-66366B44EB7D}.Debug|x64.Deploy.0 = Debug|Any CPU
		{9230D61B-F63F-4CBD-A8F2-66366B44EB7D}.Debug|x86.ActiveCfg = Debug|Any CPU
		{9230D61B-F63F-4CBD-A8F2-66366B44EB7D}.Debug|x86.Build.0 = Debug|Any CPU
		{9230D61B-F63F-4CBD-A8F2-66366B44EB7D}.Debug|x86.Deploy.0 = Debug|Any CPU
		{9230D61B-F63F-4CBD-A8F2-66366B44EB7D}.Release|Any CPU.ActiveCfg = Release|Any CPU
		{9230D61B-F63F-4CBD-A8F2-66366B44EB7D}.Release|Any CPU.Build.0 = Release|Any CPU
		{9230D61B-F63F-4CBD-A8F2-66366B44EB7D}.Release|Any CPU.Deploy.0 = Release|Any CPU
		{9230D61B-F63F-4CBD-A8F2-66366B44EB7D}.Release|ARM.ActiveCfg = Release|Any CPU
		{9230D61B-F63F-4CBD-A8F2-66366B44EB7D}.Release|ARM.Build.0 = Release|Any CPU
		{9230D61B-F63F-4CBD-A8F2-66366B44EB7D}.Release|ARM.Deploy.0 = Release|Any CPU
		{9230D61B-F63F-4CBD-A8F2-66366B44EB7D}.Release|iPhone.ActiveCfg = Release|Any CPU
		{9230D61B-F63F-4CBD-A8F2-66366B44EB7D}.Release|iPhone.Build.0 = Release|Any CPU
		{9230D61B-F63F-4CBD-A8F2-66366B44EB7D}.Release|iPhone.Deploy.0 = Release|Any CPU
		{9230D61B-F63F-4CBD-A8F2-66366B44EB7D}.Release|iPhoneSimulator.ActiveCfg = Release|Any CPU
		{9230D61B-F63F-4CBD-A8F2-66366B44EB7D}.Release|iPhoneSimulator.Build.0 = Release|Any CPU
		{9230D61B-F63F-4CBD-A8F2-66366B44EB7D}.Release|iPhoneSimulator.Deploy.0 = Release|Any CPU
		{9230D61B-F63F-4CBD-A8F2-66366B44EB7D}.Release|x64.ActiveCfg = Release|Any CPU
		{9230D61B-F63F-4CBD-A8F2-66366B44EB7D}.Release|x64.Build.0 = Release|Any CPU
		{9230D61B-F63F-4CBD-A8F2-66366B44EB7D}.Release|x64.Deploy.0 = Release|Any CPU
		{9230D61B-F63F-4CBD-A8F2-66366B44EB7D}.Release|x86.ActiveCfg = Release|Any CPU
		{9230D61B-F63F-4CBD-A8F2-66366B44EB7D}.Release|x86.Build.0 = Release|Any CPU
		{9230D61B-F63F-4CBD-A8F2-66366B44EB7D}.Release|x86.Deploy.0 = Release|Any CPU
	EndGlobalSection
	GlobalSection(SolutionProperties) = preSolution
		HideSolutionNode = FALSE
	EndGlobalSection
	GlobalSection(ExtensibilityGlobals) = postSolution
		SolutionGuid = {989D2CDE-0950-48C1-A703-DE66FBC7EEBB}
	EndGlobalSection
EndGlobal
